lockfileVersion: '9.0'

settings:
  autoInstallPeers: true
  excludeLinksFromLockfile: false

importers:

  .:
    dependencies:
      '@syuilo/aiscript':
        specifier: ^0.19.0
        version: 0.19.0

packages:

  '@syuilo/aiscript@0.19.0':
    resolution: {integrity: sha512-ZWG4s1m6RrFjE7NeIMaxFz769YO1jW5ReTrOROrEO4IHheOrjxxJ/Ffe2TUNqX9/XxDloMwfWplKhfSzx8LGMA==}

  char-regex@1.0.2:
    resolution: {integrity: sha512-kWWXztvZ5SBQV+eRgKFeh8q5sLuZY2+8WUIzlxWVTg+oGwY14qylx1KbKzHd8P6ZYkAg0xyIDU9JMHhyJMZ1jw==}
    engines: {node: '>=10'}

  seedrandom@3.0.5:
    resolution: {integrity: sha512-8OwmbklUNzwezjGInmZ+2clQmExQPvomqjL7LFqOYqtmuxRgQYqOD3mHaU+MvZn5FLUeVxVfQjwLZW/n/JFuqg==}

  stringz@2.1.0:
    resolution: {integrity: sha512-KlywLT+MZ+v0IRepfMxRtnSvDCMc3nR1qqCs3m/qIbSOWkNZYT8XHQA31rS3TnKp0c5xjZu3M4GY/2aRKSi/6A==}

  uuid@9.0.1:
    resolution: {integrity: sha512-b+1eJOlsR9K8HJpow9Ok3fiWOWSIcIzXodvv0rQjVoOVNpWMpxf1wZNpt4y9h10odCNrqnYp1OBzRktckBe3sA==}
    hasBin: true

snapshots:

  '@syuilo/aiscript@0.19.0':
    dependencies:
      seedrandom: 3.0.5
      stringz: 2.1.0
      uuid: 9.0.1

  char-regex@1.0.2: {}

  seedrandom@3.0.5: {}

  stringz@2.1.0:
    dependencies:
      char-regex: 1.0.2

  uuid@9.0.1: {}
